
Microsoft Visual Studio Solution File, Format Version 12.00
# Visual Studio Version 17
VisualStudioVersion = 17.9.34723.18
MinimumVisualStudioVersion = 10.0.40219.1
Project("{FAE04EC0-301F-11D3-BF4B-00C04F79EFBC}") = "Vetores", "Vetores\Vetores.csproj", "{EFC70D3D-9974-4089-A9CE-16E7E8DE565F}"
EndProject
Global
	GlobalSection(SolutionConfigurationPlatforms) = preSolution
		Debug|Any CPU = Debug|Any CPU
		Release|Any CPU = Release|Any CPU
	EndGlobalSection
	GlobalSection(ProjectConfigurationPlatforms) = postSolution
		{EFC70D3D-9974-4089-A9CE-16E7E8DE565F}.Debug|Any CPU.ActiveCfg = Debug|Any CPU
		{EFC70D3D-9974-4089-A9CE-16E7E8DE565F}.Debug|Any CPU.Build.0 = Debug|Any CPU
		{EFC70D3D-9974-4089-A9CE-16E7E8DE565F}.Release|Any CPU.ActiveCfg = Release|Any CPU
		{EFC70D3D-9974-4089-A9CE-16E7E8DE565F}.Release|Any CPU.Build.0 = Release|Any CPU
	EndGlobalSection
	GlobalSection(SolutionProperties) = preSolution
		HideSolutionNode = FALSE
	EndGlobalSection
	GlobalSection(ExtensibilityGlobals) = postSolution
		SolutionGuid = {5103EA29-F6F5-49F3-9E29-DB371ECDB664}
	EndGlobalSection
EndGlobal
