
Microsoft Visual Studio Solution File, Format Version 12.00
# Visual Studio Version 17
VisualStudioVersion = 17.9.34723.18
MinimumVisualStudioVersion = 10.0.40219.1
Project("{FAE04EC0-301F-11D3-BF4B-00C04F79EFBC}") = "Encapsulamento", "Encapsulamento\Encapsulamento.csproj", "{7DB11A14-A055-4866-9BD6-5BBB21DC7F5D}"
EndProject
Global
	GlobalSection(SolutionConfigurationPlatforms) = preSolution
		Debug|Any CPU = Debug|Any CPU
		Release|Any CPU = Release|Any CPU
	EndGlobalSection
	GlobalSection(ProjectConfigurationPlatforms) = postSolution
		{7DB11A14-A055-4866-9BD6-5BBB21DC7F5D}.Debug|Any CPU.ActiveCfg = Debug|Any CPU
		{7DB11A14-A055-4866-9BD6-5BBB21DC7F5D}.Debug|Any CPU.Build.0 = Debug|Any CPU
		{7DB11A14-A055-4866-9BD6-5BBB21DC7F5D}.Release|Any CPU.ActiveCfg = Release|Any CPU
		{7DB11A14-A055-4866-9BD6-5BBB21DC7F5D}.Release|Any CPU.Build.0 = Release|Any CPU
	EndGlobalSection
	GlobalSection(SolutionProperties) = preSolution
		HideSolutionNode = FALSE
	EndGlobalSection
	GlobalSection(ExtensibilityGlobals) = postSolution
		SolutionGuid = {028F8E32-4D65-4748-AC7A-ADC33A4C8D77}
	EndGlobalSection
EndGlobal
