
Microsoft Visual Studio Solution File, Format Version 12.00
# Visual Studio Version 17
VisualStudioVersion = 17.9.34723.18
MinimumVisualStudioVersion = 10.0.40219.1
Project("{FAE04EC0-301F-11D3-BF4B-00C04F79EFBC}") = "Exercicio2", "Exercicio2\Exercicio2.csproj", "{893A8018-55E6-4678-950B-A792710B7519}"
EndProject
Global
	GlobalSection(SolutionConfigurationPlatforms) = preSolution
		Debug|Any CPU = Debug|Any CPU
		Release|Any CPU = Release|Any CPU
	EndGlobalSection
	GlobalSection(ProjectConfigurationPlatforms) = postSolution
		{893A8018-55E6-4678-950B-A792710B7519}.Debug|Any CPU.ActiveCfg = Debug|Any CPU
		{893A8018-55E6-4678-950B-A792710B7519}.Debug|Any CPU.Build.0 = Debug|Any CPU
		{893A8018-55E6-4678-950B-A792710B7519}.Release|Any CPU.ActiveCfg = Release|Any CPU
		{893A8018-55E6-4678-950B-A792710B7519}.Release|Any CPU.Build.0 = Release|Any CPU
	EndGlobalSection
	GlobalSection(SolutionProperties) = preSolution
		HideSolutionNode = FALSE
	EndGlobalSection
	GlobalSection(ExtensibilityGlobals) = postSolution
		SolutionGuid = {E6884AB3-CFAF-4CC0-9312-3EA7EFB59CA1}
	EndGlobalSection
EndGlobal
