
Microsoft Visual Studio Solution File, Format Version 12.00
# Visual Studio Version 17
VisualStudioVersion = 17.9.34723.18
MinimumVisualStudioVersion = 10.0.40219.1
Project("{FAE04EC0-301F-11D3-BF4B-00C04F79EFBC}") = "MetodosAbstratos", "MetodosAbstratos\MetodosAbstratos.csproj", "{280C1957-C8F0-4AB4-AAB0-C3E8587E592C}"
EndProject
Global
	GlobalSection(SolutionConfigurationPlatforms) = preSolution
		Debug|Any CPU = Debug|Any CPU
		Release|Any CPU = Release|Any CPU
	EndGlobalSection
	GlobalSection(ProjectConfigurationPlatforms) = postSolution
		{280C1957-C8F0-4AB4-AAB0-C3E8587E592C}.Debug|Any CPU.ActiveCfg = Debug|Any CPU
		{280C1957-C8F0-4AB4-AAB0-C3E8587E592C}.Debug|Any CPU.Build.0 = Debug|Any CPU
		{280C1957-C8F0-4AB4-AAB0-C3E8587E592C}.Release|Any CPU.ActiveCfg = Release|Any CPU
		{280C1957-C8F0-4AB4-AAB0-C3E8587E592C}.Release|Any CPU.Build.0 = Release|Any CPU
	EndGlobalSection
	GlobalSection(SolutionProperties) = preSolution
		HideSolutionNode = FALSE
	EndGlobalSection
	GlobalSection(ExtensibilityGlobals) = postSolution
		SolutionGuid = {E2357594-6119-43DA-BFEE-72664B499C41}
	EndGlobalSection
EndGlobal
