
Microsoft Visual Studio Solution File, Format Version 12.00
# Visual Studio Version 17
VisualStudioVersion = 17.9.34723.18
MinimumVisualStudioVersion = 10.0.40219.1
Project("{FAE04EC0-301F-11D3-BF4B-00C04F79EFBC}") = "webApidotnet", "webApidotnet\webApidotnet.csproj", "{A8F515CB-9E38-4486-9BE2-48C95D125105}"
EndProject
Global
	GlobalSection(SolutionConfigurationPlatforms) = preSolution
		Debug|Any CPU = Debug|Any CPU
		Release|Any CPU = Release|Any CPU
	EndGlobalSection
	GlobalSection(ProjectConfigurationPlatforms) = postSolution
		{A8F515CB-9E38-4486-9BE2-48C95D125105}.Debug|Any CPU.ActiveCfg = Debug|Any CPU
		{A8F515CB-9E38-4486-9BE2-48C95D125105}.Debug|Any CPU.Build.0 = Debug|Any CPU
		{A8F515CB-9E38-4486-9BE2-48C95D125105}.Release|Any CPU.ActiveCfg = Release|Any CPU
		{A8F515CB-9E38-4486-9BE2-48C95D125105}.Release|Any CPU.Build.0 = Release|Any CPU
	EndGlobalSection
	GlobalSection(SolutionProperties) = preSolution
		HideSolutionNode = FALSE
	EndGlobalSection
	GlobalSection(ExtensibilityGlobals) = postSolution
		SolutionGuid = {967C4969-5B7A-4CEE-A74F-7B5AF924EAF5}
	EndGlobalSection
EndGlobal
