
Microsoft Visual Studio Solution File, Format Version 12.00
# Visual Studio Version 17
VisualStudioVersion = 17.14.36301.6 d17.14
MinimumVisualStudioVersion = 10.0.40219.1
Project("{FAE04EC0-301F-11D3-BF4B-00C04F79EFBC}") = "ParametrosRefANDOut", "ParametrosRefANDOut\ParametrosRefANDOut.csproj", "{D9C9ECD2-AC05-4A7F-96A4-80CA2756F0C9}"
EndProject
Global
	GlobalSection(SolutionConfigurationPlatforms) = preSolution
		Debug|Any CPU = Debug|Any CPU
		Release|Any CPU = Release|Any CPU
	EndGlobalSection
	GlobalSection(ProjectConfigurationPlatforms) = postSolution
		{D9C9ECD2-AC05-4A7F-96A4-80CA2756F0C9}.Debug|Any CPU.ActiveCfg = Debug|Any CPU
		{D9C9ECD2-AC05-4A7F-96A4-80CA2756F0C9}.Debug|Any CPU.Build.0 = Debug|Any CPU
		{D9C9ECD2-AC05-4A7F-96A4-80CA2756F0C9}.Release|Any CPU.ActiveCfg = Release|Any CPU
		{D9C9ECD2-AC05-4A7F-96A4-80CA2756F0C9}.Release|Any CPU.Build.0 = Release|Any CPU
	EndGlobalSection
	GlobalSection(SolutionProperties) = preSolution
		HideSolutionNode = FALSE
	EndGlobalSection
	GlobalSection(ExtensibilityGlobals) = postSolution
		SolutionGuid = {7222E828-EABB-450A-829F-E9914E4E175B}
	EndGlobalSection
EndGlobal
