
Microsoft Visual Studio Solution File, Format Version 12.00
# Visual Studio Version 17
VisualStudioVersion = 17.9.34723.18
MinimumVisualStudioVersion = 10.0.40219.1
Project("{FAE04EC0-301F-11D3-BF4B-00C04F79EFBC}") = "ExercicioPOO", "ExercicioPOO\ExercicioPOO.csproj", "{6A285042-5142-453A-B393-6E85CF6BA469}"
EndProject
Global
	GlobalSection(SolutionConfigurationPlatforms) = preSolution
		Debug|Any CPU = Debug|Any CPU
		Release|Any CPU = Release|Any CPU
	EndGlobalSection
	GlobalSection(ProjectConfigurationPlatforms) = postSolution
		{6A285042-5142-453A-B393-6E85CF6BA469}.Debug|Any CPU.ActiveCfg = Debug|Any CPU
		{6A285042-5142-453A-B393-6E85CF6BA469}.Debug|Any CPU.Build.0 = Debug|Any CPU
		{6A285042-5142-453A-B393-6E85CF6BA469}.Release|Any CPU.ActiveCfg = Release|Any CPU
		{6A285042-5142-453A-B393-6E85CF6BA469}.Release|Any CPU.Build.0 = Release|Any CPU
	EndGlobalSection
	GlobalSection(SolutionProperties) = preSolution
		HideSolutionNode = FALSE
	EndGlobalSection
	GlobalSection(ExtensibilityGlobals) = postSolution
		SolutionGuid = {B85D57E7-6E25-44D0-8BA2-116FAFFE06A2}
	EndGlobalSection
EndGlobal
