
Microsoft Visual Studio Solution File, Format Version 12.00
# Visual Studio Version 17
VisualStudioVersion = 17.9.34723.18
MinimumVisualStudioVersion = 10.0.40219.1
Project("{FAE04EC0-301F-11D3-BF4B-00C04F79EFBC}") = "InferênciaDeTipos", "InferênciaDeTipos\InferênciaDeTipos.csproj", "{7A283A42-14C6-49B2-91F7-62B47E9D71FA}"
EndProject
Global
	GlobalSection(SolutionConfigurationPlatforms) = preSolution
		Debug|Any CPU = Debug|Any CPU
		Release|Any CPU = Release|Any CPU
	EndGlobalSection
	GlobalSection(ProjectConfigurationPlatforms) = postSolution
		{7A283A42-14C6-49B2-91F7-62B47E9D71FA}.Debug|Any CPU.ActiveCfg = Debug|Any CPU
		{7A283A42-14C6-49B2-91F7-62B47E9D71FA}.Debug|Any CPU.Build.0 = Debug|Any CPU
		{7A283A42-14C6-49B2-91F7-62B47E9D71FA}.Release|Any CPU.ActiveCfg = Release|Any CPU
		{7A283A42-14C6-49B2-91F7-62B47E9D71FA}.Release|Any CPU.Build.0 = Release|Any CPU
	EndGlobalSection
	GlobalSection(SolutionProperties) = preSolution
		HideSolutionNode = FALSE
	EndGlobalSection
	GlobalSection(ExtensibilityGlobals) = postSolution
		SolutionGuid = {9E86F4CE-ED36-45E2-BE2A-86345C0D5BC5}
	EndGlobalSection
EndGlobal
