
Microsoft Visual Studio Solution File, Format Version 12.00
# Visual Studio Version 17
VisualStudioVersion = 17.9.34723.18
MinimumVisualStudioVersion = 10.0.40219.1
Project("{FAE04EC0-301F-11D3-BF4B-00C04F79EFBC}") = "BlocoUsing", "BlocoUsing\BlocoUsing.csproj", "{797D02A8-8996-4EB8-9BDD-2E1C8A8A6A24}"
EndProject
Global
	GlobalSection(SolutionConfigurationPlatforms) = preSolution
		Debug|Any CPU = Debug|Any CPU
		Release|Any CPU = Release|Any CPU
	EndGlobalSection
	GlobalSection(ProjectConfigurationPlatforms) = postSolution
		{797D02A8-8996-4EB8-9BDD-2E1C8A8A6A24}.Debug|Any CPU.ActiveCfg = Debug|Any CPU
		{797D02A8-8996-4EB8-9BDD-2E1C8A8A6A24}.Debug|Any CPU.Build.0 = Debug|Any CPU
		{797D02A8-8996-4EB8-9BDD-2E1C8A8A6A24}.Release|Any CPU.ActiveCfg = Release|Any CPU
		{797D02A8-8996-4EB8-9BDD-2E1C8A8A6A24}.Release|Any CPU.Build.0 = Release|Any CPU
	EndGlobalSection
	GlobalSection(SolutionProperties) = preSolution
		HideSolutionNode = FALSE
	EndGlobalSection
	GlobalSection(ExtensibilityGlobals) = postSolution
		SolutionGuid = {0CD7968D-021A-49AE-88F2-BD75CB41BB13}
	EndGlobalSection
EndGlobal
