
Microsoft Visual Studio Solution File, Format Version 12.00
# Visual Studio Version 17
VisualStudioVersion = 17.9.34723.18
MinimumVisualStudioVersion = 10.0.40219.1
Project("{FAE04EC0-301F-11D3-BF4B-00C04F79EFBC}") = "BlocoFinally", "BlocoFinally\BlocoFinally.csproj", "{D81F053E-C192-4E62-BBD1-A9B1C3BB9FC0}"
EndProject
Global
	GlobalSection(SolutionConfigurationPlatforms) = preSolution
		Debug|Any CPU = Debug|Any CPU
		Release|Any CPU = Release|Any CPU
	EndGlobalSection
	GlobalSection(ProjectConfigurationPlatforms) = postSolution
		{D81F053E-C192-4E62-BBD1-A9B1C3BB9FC0}.Debug|Any CPU.ActiveCfg = Debug|Any CPU
		{D81F053E-C192-4E62-BBD1-A9B1C3BB9FC0}.Debug|Any CPU.Build.0 = Debug|Any CPU
		{D81F053E-C192-4E62-BBD1-A9B1C3BB9FC0}.Release|Any CPU.ActiveCfg = Release|Any CPU
		{D81F053E-C192-4E62-BBD1-A9B1C3BB9FC0}.Release|Any CPU.Build.0 = Release|Any CPU
	EndGlobalSection
	GlobalSection(SolutionProperties) = preSolution
		HideSolutionNode = FALSE
	EndGlobalSection
	GlobalSection(ExtensibilityGlobals) = postSolution
		SolutionGuid = {920A7F0F-E0C8-46C7-9B34-F88270F01041}
	EndGlobalSection
EndGlobal
