
Microsoft Visual Studio Solution File, Format Version 12.00
# Visual Studio Version 17
VisualStudioVersion = 17.9.34723.18
MinimumVisualStudioVersion = 10.0.40219.1
Project("{FAE04EC0-301F-11D3-BF4B-00C04F79EFBC}") = "StudentPortal.Web", "StudentPortal.Web\StudentPortal.Web.csproj", "{14AF9028-5655-4C24-BEDA-EF3E11E547D3}"
EndProject
Global
	GlobalSection(SolutionConfigurationPlatforms) = preSolution
		Debug|Any CPU = Debug|Any CPU
		Release|Any CPU = Release|Any CPU
	EndGlobalSection
	GlobalSection(ProjectConfigurationPlatforms) = postSolution
		{14AF9028-5655-4C24-BEDA-EF3E11E547D3}.Debug|Any CPU.ActiveCfg = Debug|Any CPU
		{14AF9028-5655-4C24-BEDA-EF3E11E547D3}.Debug|Any CPU.Build.0 = Debug|Any CPU
		{14AF9028-5655-4C24-BEDA-EF3E11E547D3}.Release|Any CPU.ActiveCfg = Release|Any CPU
		{14AF9028-5655-4C24-BEDA-EF3E11E547D3}.Release|Any CPU.Build.0 = Release|Any CPU
	EndGlobalSection
	GlobalSection(SolutionProperties) = preSolution
		HideSolutionNode = FALSE
	EndGlobalSection
	GlobalSection(ExtensibilityGlobals) = postSolution
		SolutionGuid = {78B7E5CD-6865-466F-9C90-E84B95AE4B22}
	EndGlobalSection
EndGlobal
