
Microsoft Visual Studio Solution File, Format Version 12.00
# Visual Studio Version 17
VisualStudioVersion = 17.9.34723.18
MinimumVisualStudioVersion = 10.0.40219.1
Project("{FAE04EC0-301F-11D3-BF4B-00C04F79EFBC}") = "MeuTodo", "MeuTodo\MeuTodo.csproj", "{971C1F8D-8466-487D-9958-E819ABBFD33D}"
EndProject
Global
	GlobalSection(SolutionConfigurationPlatforms) = preSolution
		Debug|Any CPU = Debug|Any CPU
		Release|Any CPU = Release|Any CPU
	EndGlobalSection
	GlobalSection(ProjectConfigurationPlatforms) = postSolution
		{971C1F8D-8466-487D-9958-E819ABBFD33D}.Debug|Any CPU.ActiveCfg = Debug|Any CPU
		{971C1F8D-8466-487D-9958-E819ABBFD33D}.Debug|Any CPU.Build.0 = Debug|Any CPU
		{971C1F8D-8466-487D-9958-E819ABBFD33D}.Release|Any CPU.ActiveCfg = Release|Any CPU
		{971C1F8D-8466-487D-9958-E819ABBFD33D}.Release|Any CPU.Build.0 = Release|Any CPU
	EndGlobalSection
	GlobalSection(SolutionProperties) = preSolution
		HideSolutionNode = FALSE
	EndGlobalSection
	GlobalSection(ExtensibilityGlobals) = postSolution
		SolutionGuid = {1F80FB5F-B0B8-4143-8503-E580AB1E8DD6}
	EndGlobalSection
EndGlobal
