
Microsoft Visual Studio Solution File, Format Version 12.00
# Visual Studio Version 17
VisualStudioVersion = 17.9.34723.18
MinimumVisualStudioVersion = 10.0.40219.1
Project("{FAE04EC0-301F-11D3-BF4B-00C04F79EFBC}") = "PropriedadesEOperacoesTimeSpan", "PropriedadesEOperacoesTimeSpan\PropriedadesEOperacoesTimeSpan.csproj", "{FDF5B7C2-0AE3-4169-886E-244F8505CA14}"
EndProject
Global
	GlobalSection(SolutionConfigurationPlatforms) = preSolution
		Debug|Any CPU = Debug|Any CPU
		Release|Any CPU = Release|Any CPU
	EndGlobalSection
	GlobalSection(ProjectConfigurationPlatforms) = postSolution
		{FDF5B7C2-0AE3-4169-886E-244F8505CA14}.Debug|Any CPU.ActiveCfg = Debug|Any CPU
		{FDF5B7C2-0AE3-4169-886E-244F8505CA14}.Debug|Any CPU.Build.0 = Debug|Any CPU
		{FDF5B7C2-0AE3-4169-886E-244F8505CA14}.Release|Any CPU.ActiveCfg = Release|Any CPU
		{FDF5B7C2-0AE3-4169-886E-244F8505CA14}.Release|Any CPU.Build.0 = Release|Any CPU
	EndGlobalSection
	GlobalSection(SolutionProperties) = preSolution
		HideSolutionNode = FALSE
	EndGlobalSection
	GlobalSection(ExtensibilityGlobals) = postSolution
		SolutionGuid = {CE4B23BB-E6AF-41B6-9A79-44C90AF41296}
	EndGlobalSection
EndGlobal
