
Microsoft Visual Studio Solution File, Format Version 12.00
# Visual Studio Version 17
VisualStudioVersion = 17.9.34723.18
MinimumVisualStudioVersion = 10.0.40219.1
Project("{FAE04EC0-301F-11D3-BF4B-00C04F79EFBC}") = "LaçoForEach", "LaçoForEach\LaçoForEach.csproj", "{6FFB13F3-C264-429B-9A0B-29B4B726377D}"
EndProject
Global
	GlobalSection(SolutionConfigurationPlatforms) = preSolution
		Debug|Any CPU = Debug|Any CPU
		Release|Any CPU = Release|Any CPU
	EndGlobalSection
	GlobalSection(ProjectConfigurationPlatforms) = postSolution
		{6FFB13F3-C264-429B-9A0B-29B4B726377D}.Debug|Any CPU.ActiveCfg = Debug|Any CPU
		{6FFB13F3-C264-429B-9A0B-29B4B726377D}.Debug|Any CPU.Build.0 = Debug|Any CPU
		{6FFB13F3-C264-429B-9A0B-29B4B726377D}.Release|Any CPU.ActiveCfg = Release|Any CPU
		{6FFB13F3-C264-429B-9A0B-29B4B726377D}.Release|Any CPU.Build.0 = Release|Any CPU
	EndGlobalSection
	GlobalSection(SolutionProperties) = preSolution
		HideSolutionNode = FALSE
	EndGlobalSection
	GlobalSection(ExtensibilityGlobals) = postSolution
		SolutionGuid = {A2A9D7AF-4B2B-4D8D-9361-5F0A532C1C8A}
	EndGlobalSection
EndGlobal
