
Microsoft Visual Studio Solution File, Format Version 12.00
# Visual Studio Version 17
VisualStudioVersion = 17.9.34723.18
MinimumVisualStudioVersion = 10.0.40219.1
Project("{F2A71F9B-5D33-465A-A702-920D77279786}") = "PersonCRUD", "PersonCRUD\PersonCRUD.fsproj", "{EE21B05D-B87C-4173-8014-64863CA3F3CF}"
EndProject
Global
	GlobalSection(SolutionConfigurationPlatforms) = preSolution
		Debug|Any CPU = Debug|Any CPU
		Release|Any CPU = Release|Any CPU
	EndGlobalSection
	GlobalSection(ProjectConfigurationPlatforms) = postSolution
		{EE21B05D-B87C-4173-8014-64863CA3F3CF}.Debug|Any CPU.ActiveCfg = Debug|Any CPU
		{EE21B05D-B87C-4173-8014-64863CA3F3CF}.Debug|Any CPU.Build.0 = Debug|Any CPU
		{EE21B05D-B87C-4173-8014-64863CA3F3CF}.Release|Any CPU.ActiveCfg = Release|Any CPU
		{EE21B05D-B87C-4173-8014-64863CA3F3CF}.Release|Any CPU.Build.0 = Release|Any CPU
	EndGlobalSection
	GlobalSection(SolutionProperties) = preSolution
		HideSolutionNode = FALSE
	EndGlobalSection
	GlobalSection(ExtensibilityGlobals) = postSolution
		SolutionGuid = {73D581FA-2661-4C37-ABB9-9CAC88D1C8F0}
	EndGlobalSection
EndGlobal
