
Microsoft Visual Studio Solution File, Format Version 12.00
# Visual Studio Version 17
VisualStudioVersion = 17.9.34723.18
MinimumVisualStudioVersion = 10.0.40219.1
Project("{FAE04EC0-301F-11D3-BF4B-00C04F79EFBC}") = "ExerciciosDeFixação", "ExerciciosDeFixação\ExerciciosDeFixação.csproj", "{4F953DFF-789E-4376-94A8-45B331491452}"
EndProject
Global
	GlobalSection(SolutionConfigurationPlatforms) = preSolution
		Debug|Any CPU = Debug|Any CPU
		Release|Any CPU = Release|Any CPU
	EndGlobalSection
	GlobalSection(ProjectConfigurationPlatforms) = postSolution
		{4F953DFF-789E-4376-94A8-45B331491452}.Debug|Any CPU.ActiveCfg = Debug|Any CPU
		{4F953DFF-789E-4376-94A8-45B331491452}.Debug|Any CPU.Build.0 = Debug|Any CPU
		{4F953DFF-789E-4376-94A8-45B331491452}.Release|Any CPU.ActiveCfg = Release|Any CPU
		{4F953DFF-789E-4376-94A8-45B331491452}.Release|Any CPU.Build.0 = Release|Any CPU
	EndGlobalSection
	GlobalSection(SolutionProperties) = preSolution
		HideSolutionNode = FALSE
	EndGlobalSection
	GlobalSection(ExtensibilityGlobals) = postSolution
		SolutionGuid = {E88236AD-07D9-4255-9D8A-FDD3253714E0}
	EndGlobalSection
EndGlobal
