
Microsoft Visual Studio Solution File, Format Version 12.00
# Visual Studio Version 17
VisualStudioVersion = 17.9.34723.18
MinimumVisualStudioVersion = 10.0.40219.1
Project("{FAE04EC0-301F-11D3-BF4B-00C04F79EFBC}") = "Exercicio002", "Exercicio002\Exercicio002.csproj", "{07243102-0D40-4609-931C-5E09EA6AA0FB}"
EndProject
Global
	GlobalSection(SolutionConfigurationPlatforms) = preSolution
		Debug|Any CPU = Debug|Any CPU
		Release|Any CPU = Release|Any CPU
	EndGlobalSection
	GlobalSection(ProjectConfigurationPlatforms) = postSolution
		{07243102-0D40-4609-931C-5E09EA6AA0FB}.Debug|Any CPU.ActiveCfg = Debug|Any CPU
		{07243102-0D40-4609-931C-5E09EA6AA0FB}.Debug|Any CPU.Build.0 = Debug|Any CPU
		{07243102-0D40-4609-931C-5E09EA6AA0FB}.Release|Any CPU.ActiveCfg = Release|Any CPU
		{07243102-0D40-4609-931C-5E09EA6AA0FB}.Release|Any CPU.Build.0 = Release|Any CPU
	EndGlobalSection
	GlobalSection(SolutionProperties) = preSolution
		HideSolutionNode = FALSE
	EndGlobalSection
	GlobalSection(ExtensibilityGlobals) = postSolution
		SolutionGuid = {23594367-6812-4D0C-BF80-9DF214B477AD}
	EndGlobalSection
EndGlobal
