
Microsoft Visual Studio Solution File, Format Version 12.00
# Visual Studio Version 17
VisualStudioVersion = 17.9.34723.18
MinimumVisualStudioVersion = 10.0.40219.1
Project("{FAE04EC0-301F-11D3-BF4B-00C04F79EFBC}") = "StreamWriter", "StreamWriter\StreamWriter.csproj", "{FE3A29DC-314F-4F71-BE7C-03C8F81A73C0}"
EndProject
Global
	GlobalSection(SolutionConfigurationPlatforms) = preSolution
		Debug|Any CPU = Debug|Any CPU
		Release|Any CPU = Release|Any CPU
	EndGlobalSection
	GlobalSection(ProjectConfigurationPlatforms) = postSolution
		{FE3A29DC-314F-4F71-BE7C-03C8F81A73C0}.Debug|Any CPU.ActiveCfg = Debug|Any CPU
		{FE3A29DC-314F-4F71-BE7C-03C8F81A73C0}.Debug|Any CPU.Build.0 = Debug|Any CPU
		{FE3A29DC-314F-4F71-BE7C-03C8F81A73C0}.Release|Any CPU.ActiveCfg = Release|Any CPU
		{FE3A29DC-314F-4F71-BE7C-03C8F81A73C0}.Release|Any CPU.Build.0 = Release|Any CPU
	EndGlobalSection
	GlobalSection(SolutionProperties) = preSolution
		HideSolutionNode = FALSE
	EndGlobalSection
	GlobalSection(ExtensibilityGlobals) = postSolution
		SolutionGuid = {A29C0EA0-234E-435B-840F-BF14C1A67682}
	EndGlobalSection
EndGlobal
