
Microsoft Visual Studio Solution File, Format Version 12.00
# Visual Studio Version 17
VisualStudioVersion = 17.9.34723.18
MinimumVisualStudioVersion = 10.0.40219.1
Project("{FAE04EC0-301F-11D3-BF4B-00C04F79EFBC}") = "DirecotoryDirectoryInfo", "DirecotoryDirectoryInfo\DirecotoryDirectoryInfo.csproj", "{DE779572-F95B-438D-AFFC-C0F5EF1D81AF}"
EndProject
Global
	GlobalSection(SolutionConfigurationPlatforms) = preSolution
		Debug|Any CPU = Debug|Any CPU
		Release|Any CPU = Release|Any CPU
	EndGlobalSection
	GlobalSection(ProjectConfigurationPlatforms) = postSolution
		{DE779572-F95B-438D-AFFC-C0F5EF1D81AF}.Debug|Any CPU.ActiveCfg = Debug|Any CPU
		{DE779572-F95B-438D-AFFC-C0F5EF1D81AF}.Debug|Any CPU.Build.0 = Debug|Any CPU
		{DE779572-F95B-438D-AFFC-C0F5EF1D81AF}.Release|Any CPU.ActiveCfg = Release|Any CPU
		{DE779572-F95B-438D-AFFC-C0F5EF1D81AF}.Release|Any CPU.Build.0 = Release|Any CPU
	EndGlobalSection
	GlobalSection(SolutionProperties) = preSolution
		HideSolutionNode = FALSE
	EndGlobalSection
	GlobalSection(ExtensibilityGlobals) = postSolution
		SolutionGuid = {E982834E-64A4-439C-B279-CB0650D9D3ED}
	EndGlobalSection
EndGlobal
